{
  "version": 4,
  "terraform_version": "1.15.4",
  "serial": 32,
  "lineage": "df56f099-06a9-8cd8-b531-611cc235f636",
  "outputs": {
    "airflow_url": {
      "value": "http://NODE_IP:30080",
      "type": "string"
    },
    "minio_console_url": {
      "value": "http://NODE_IP:30090",
      "type": "string"
    },
    "mlflow_url": {
      "value": "http://NODE_IP:30500",
      "type": "string"
    },
    "namespace": {
      "value": "data-platform",
      "type": "string"
    }
  },
  "resources": [
    {
      "mode": "managed",
      "type": "helm_release",
      "name": "airflow",
      "provider": "provider[\"registry.terraform.io/hashicorp/helm\"]",
      "instances": [
        {
          "status": "tainted",
          "schema_version": 1,
          "attributes": {
            "atomic": false,
            "chart": "airflow",
            "cleanup_on_fail": false,
            "create_namespace": false,
            "dependency_update": false,
            "description": null,
            "devel": null,
            "disable_crd_hooks": false,
            "disable_openapi_validation": false,
            "disable_webhooks": false,
            "force_update": false,
            "id": "airflow",
            "keyring": null,
            "lint": false,
            "manifest": null,
            "max_history": 0,
            "metadata": [
              {
                "app_version": "2.9.2",
                "chart": "airflow",
                "first_deployed": 1779554290,
                "last_deployed": 1779554290,
                "name": "airflow",
                "namespace": "data-platform",
                "notes": "\n\n\nThank you for installing Apache Airflow 2.9.2!\n\nYour release is named airflow.\nYou can now access your dashboard(s) by executing the following command(s) and visiting the corresponding port at localhost in your browser:\n\nAirflow Webserver:     kubectl port-forward svc/airflow-webserver 8080:8080 --namespace data-platform\nDefault Webserver (Airflow UI) Login credentials:\n    username: admin\n    password: admin\n\nYou can get Fernet Key value by running the following:\n\n    echo Fernet Key: $(kubectl get secret --namespace data-platform airflow-fernet-key -o jsonpath=\"{.data.fernet-key}\" | base64 --decode)\n\n###########################################################\n#  WARNING: You should set a static webserver secret key  #\n###########################################################\n\nYou are using a dynamically generated webserver secret key, which can lead to\nunnecessary restarts of your Airflow components.\n\nInformation on how to set a static webserver secret key can be found here:\nhttps://airflow.apache.org/docs/helm-chart/stable/production-guide.html#webserver-secret-key\n",
                "revision": 1,
                "values": "{\"config\":{\"core\":{\"load_examples\":\"False\"},\"webserver\":{\"expose_config\":\"True\"}},\"dags\":{\"gitSync\":{\"branch\":\"main\",\"enabled\":true,\"repo\":\"https://github.com/jaymztheking/sports-data-platform.git\",\"subPath\":\"dags\",\"wait\":60}},\"data\":{\"metadataConnection\":{\"db\":\"airflow\",\"host\":\"postgresql\",\"pass\":\"(sensitive value)\",\"port\":5432,\"sslmode\":\"disable\",\"user\":\"postgres\"}},\"env\":[{\"name\":\"AIRFLOW_CONN_SPARK_DEFAULT\",\"value\":\"spark://spark-master:7077\"},{\"name\":\"AIRFLOW_CONN_MINIO_DEFAULT\",\"value\":\"aws://minioadmin:minioadmin@?endpoint_url=http://minio:9000\"}],\"executor\":\"LocalExecutor\",\"fernetKey\":\"(sensitive value)\",\"images\":{\"airflow\":{\"repository\":\"apache/airflow\",\"tag\":\"2.9.3-python3.11\"}},\"postgresql\":{\"enabled\":false},\"scheduler\":{\"resources\":{\"limits\":{\"memory\":\"512Mi\"},\"requests\":{\"cpu\":\"100m\",\"memory\":\"256Mi\"}}},\"webserver\":{\"resources\":{\"limits\":{\"memory\":\"512Mi\"},\"requests\":{\"cpu\":\"100m\",\"memory\":\"256Mi\"}},\"service\":{\"ports\":[{\"name\":\"airflow-ui\",\"nodePort\":30007,\"port\":8080,\"targetPort\":\"airflow-ui\"}],\"type\":\"NodePort\"}}}",
                "version": "1.14.0"
              }
            ],
            "name": "airflow",
            "namespace": "data-platform",
            "pass_credentials": false,
            "postrender": [],
            "recreate_pods": false,
            "render_subchart_notes": true,
            "replace": false,
            "repository": "https://airflow.apache.org",
            "repository_ca_file": null,
            "repository_cert_file": null,
            "repository_key_file": null,
            "repository_password": null,
            "repository_username": null,
            "reset_values": false,
            "reuse_values": false,
            "set": [
              {
                "name": "images.airflow.repository",
                "type": "",
                "value": "apache/airflow"
              },
              {
                "name": "images.airflow.tag",
                "type": "",
                "value": "2.9.3-python3.11"
              }
            ],
            "set_list": [],
            "set_sensitive": [
              {
                "name": "data.metadataConnection.pass",
                "type": "",
                "value": "!VE@3t79n^Pkkf8UoyXPE1T%"
              },
              {
                "name": "fernetKey",
                "type": "",
                "value": "0omacW5Xy7N1ZtcCOJoPuuyBIGwJEXHyfa7p1zDwOzM="
              }
            ],
            "skip_crds": false,
            "status": "failed",
            "timeout": 300,
            "upgrade_install": null,
            "values": [
              "executor: LocalExecutor\n\n# Disable bundled Bitnami PostgreSQL — use the existing postgresql release instead.\npostgresql:\n  enabled: false\n\nwebserver:\n  service:\n    type: NodePort\n    ports:\n      - name: airflow-ui\n        port: 8080\n        targetPort: airflow-ui\n        nodePort: 30007\n  resources:\n    requests:\n      cpu: 100m\n      memory: 256Mi\n    limits:\n      memory: 512Mi\n\nscheduler:\n  resources:\n    requests:\n      cpu: 100m\n      memory: 256Mi\n    limits:\n      memory: 512Mi\n\ndata:\n  metadataConnection:\n    user: postgres\n    host: postgresql\n    port: 5432\n    db: airflow\n    sslmode: disable\n    # pass is injected via terraform set_sensitive (var.postgres_password)\n\ndags:\n  gitSync:\n    enabled: true\n    repo: https://github.com/jaymztheking/sports-data-platform.git\n    branch: main\n    subPath: dags\n    wait: 60\n\nconfig:\n  core:\n    load_examples: \"False\"\n  webserver:\n    expose_config: \"True\"\n\nenv:\n  - name: AIRFLOW_CONN_SPARK_DEFAULT\n    value: \"spark://spark-master:7077\"\n  - name: AIRFLOW_CONN_MINIO_DEFAULT\n    value: \"aws://minioadmin:minioadmin@?endpoint_url=http://minio:9000\"\n"
            ],
            "verify": false,
            "version": "1.14.0",
            "wait": true,
            "wait_for_jobs": false
          },
          "sensitive_attributes": [
            [
              {
                "type": "get_attr",
                "value": "repository_password"
              }
            ],
            [
              {
                "type": "get_attr",
                "value": "set_sensitive"
              }
            ]
          ],
          "identity_schema_version": 0,
          "private": "eyJzY2hlbWFfdmVyc2lvbiI6IjEifQ==",
          "dependencies": [
            "helm_release.minio",
            "helm_release.postgresql",
            "kubernetes_config_map.postgres_init",
            "kubernetes_namespace.data_platform"
          ]
        }
      ]
    },
    {
      "mode": "managed",
      "type": "helm_release",
      "name": "minio",
      "provider": "provider[\"registry.terraform.io/hashicorp/helm\"]",
      "instances": [
        {
          "schema_version": 1,
          "attributes": {
            "atomic": false,
            "chart": "minio",
            "cleanup_on_fail": false,
            "create_namespace": false,
            "dependency_update": false,
            "description": "Install complete",
            "devel": null,
            "disable_crd_hooks": false,
            "disable_openapi_validation": false,
            "disable_webhooks": false,
            "force_update": false,
            "id": "minio",
            "keyring": null,
            "lint": false,
            "manifest": null,
            "max_history": 0,
            "metadata": [
              {
                "app_version": "RELEASE.2024-12-18T13-15-44Z",
                "chart": "minio",
                "first_deployed": 1779055677,
                "last_deployed": 1779549596,
                "name": "minio",
                "namespace": "data-platform",
                "notes": "\nMinIO can be accessed via port 9000 on the following DNS name from within your cluster:\nminio.data-platform.cluster.local\n\nTo access MinIO from localhost, run the below commands:\n\n  1. export POD_NAME=$(kubectl get pods --namespace data-platform -l \"release=minio\" -o jsonpath=\"{.items[0].metadata.name}\")\n\n  2. kubectl port-forward $POD_NAME 9000 --namespace data-platform\n\nRead more about port forwarding here: http://kubernetes.io/docs/user-guide/kubectl/kubectl_port-forward/\n\nYou can now access MinIO server on http://localhost:9000. Follow the below steps to connect to MinIO server with mc client:\n\n  1. Download the MinIO mc client - https://min.io/docs/minio/linux/reference/minio-mc.html#quickstart\n\n  2. export MC_HOST_minio-local=http://$(kubectl get secret --namespace data-platform minio -o jsonpath=\"{.data.rootUser}\" | base64 --decode):$(kubectl get secret --namespace data-platform minio -o jsonpath=\"{.data.rootPassword}\" | base64 --decode)@localhost:9000\n\n  3. mc ls minio-local\n\n\n",
                "revision": 2,
                "values": "{\"buckets\":[{\"name\":\"bronze\",\"policy\":\"none\"},{\"name\":\"mlflow-artifacts\",\"policy\":\"none\"},{\"name\":\"spark-warehouse\",\"policy\":\"none\"}],\"consoleService\":{\"nodePort\":30090,\"type\":\"NodePort\"},\"mode\":\"standalone\",\"persistence\":{\"enabled\":true,\"size\":\"10Gi\"},\"resources\":{\"limits\":{\"memory\":\"512Mi\"},\"requests\":{\"cpu\":\"100m\",\"memory\":\"256Mi\"}},\"rootPassword\":\"(sensitive value)\",\"rootUser\":\"minioadmin\",\"service\":{\"nodePort\":30900,\"type\":\"NodePort\"}}",
                "version": "5.4.0"
              }
            ],
            "name": "minio",
            "namespace": "data-platform",
            "pass_credentials": false,
            "postrender": [],
            "recreate_pods": false,
            "render_subchart_notes": true,
            "replace": false,
            "repository": "https://charts.min.io/",
            "repository_ca_file": null,
            "repository_cert_file": null,
            "repository_key_file": null,
            "repository_password": null,
            "repository_username": null,
            "reset_values": false,
            "reuse_values": false,
            "set": [],
            "set_list": [],
            "set_sensitive": [
              {
                "name": "rootPassword",
                "type": "",
                "value": "!qtVSpd\u0026vQlIBJXLEz2#@\u0026gR"
              }
            ],
            "skip_crds": false,
            "status": "deployed",
            "timeout": 300,
            "upgrade_install": null,
            "values": [
              "mode: standalone\n\nrootUser: minioadmin\n\nresources:\n  requests:\n    cpu: 100m\n    memory: 256Mi\n  limits:\n    memory: 512Mi\n\npersistence:\n  enabled: true\n  size: 10Gi\n\nservice:\n  type: NodePort\n  nodePort: 30900\n\nconsoleService:\n  type: NodePort\n  nodePort: 30090\n\nbuckets:\n  - name: bronze\n    policy: none\n  - name: mlflow-artifacts\n    policy: none\n  - name: spark-warehouse\n    policy: none\n"
            ],
            "verify": false,
            "version": "5.4.0",
            "wait": true,
            "wait_for_jobs": false
          },
          "sensitive_attributes": [
            [
              {
                "type": "get_attr",
                "value": "repository_password"
              }
            ],
            [
              {
                "type": "get_attr",
                "value": "set_sensitive"
              }
            ]
          ],
          "identity_schema_version": 0,
          "private": "eyJzY2hlbWFfdmVyc2lvbiI6IjEifQ==",
          "dependencies": [
            "kubernetes_namespace.data_platform"
          ]
        }
      ]
    },
    {
      "mode": "managed",
      "type": "helm_release",
      "name": "postgresql",
      "provider": "provider[\"registry.terraform.io/hashicorp/helm\"]",
      "instances": [
        {
          "schema_version": 1,
          "attributes": {
            "atomic": false,
            "chart": "postgresql",
            "cleanup_on_fail": false,
            "create_namespace": false,
            "dependency_update": false,
            "description": "Install complete",
            "devel": null,
            "disable_crd_hooks": false,
            "disable_openapi_validation": false,
            "disable_webhooks": false,
            "force_update": false,
            "id": "postgresql",
            "keyring": null,
            "lint": false,
            "manifest": null,
            "max_history": 0,
            "metadata": [
              {
                "app_version": "18.4.0",
                "chart": "postgresql",
                "first_deployed": 1779055377,
                "last_deployed": 1779549597,
                "name": "postgresql",
                "namespace": "data-platform",
                "notes": "\nCHART NAME: postgresql\nCHART VERSION: 18.6.6\nAPP VERSION: 18.4.0\n\n⚠ WARNING: Since August 28th, 2025, only a limited subset of images/charts are available for free.\n    Subscribe to Bitnami Secure Images to receive continued support and security updates.\n    More info at https://bitnami.com and https://github.com/bitnami/containers/issues/83267\n\n** Please be patient while the chart is being deployed **\n\nPostgreSQL can be accessed via port 5432 on the following DNS names from within your cluster:\n\n    postgresql.data-platform.svc.cluster.local - Read/Write connection\n\nTo get the password for \"postgres\" run:\n\n    export POSTGRES_ADMIN_PASSWORD=$(kubectl get secret --namespace data-platform postgresql -o jsonpath=\"{.data.postgres-password}\" | base64 -d)\n\nTo get the password for \"sports_data\" run:\n\n    export POSTGRES_PASSWORD=$(kubectl get secret --namespace data-platform postgresql -o jsonpath=\"{.data.password}\" | base64 -d)\n\nTo connect to your database run the following command:\n\n    kubectl run postgresql-client --rm --tty -i --restart='Never' --namespace data-platform --image registry-1.docker.io/bitnami/postgresql:latest --env=\"PGPASSWORD=$POSTGRES_PASSWORD\" \\\n      --command -- psql --host postgresql -U sports_data -d sports_data -p 5432\n\n    \u003e NOTE: If you access the container using bash, make sure that you execute \"/opt/bitnami/scripts/postgresql/entrypoint.sh /bin/bash\" in order to avoid the error \"psql: local user with ID 1001} does not exist\"\n\nTo connect to your database from outside the cluster execute the following commands:\n\n    export NODE_IP=$(kubectl get nodes --namespace data-platform -o jsonpath=\"{.items[0].status.addresses[0].address}\")\n    export NODE_PORT=$(kubectl get --namespace data-platform -o jsonpath=\"{.spec.ports[0].nodePort}\" services postgresql)\n    PGPASSWORD=\"$POSTGRES_PASSWORD\" psql --host $NODE_IP --port $NODE_PORT -U sports_data -d sports_data\n\nWARNING: The configured password will be ignored on new installation in case when previous PostgreSQL release was deleted through the helm command. In that case, old PVC will have an old password, and setting it through helm won't take effect. Deleting persistent volumes (PVs) will solve the issue.\nWARNING: Rolling tag detected (bitnami/postgresql:latest), please note that it is strongly recommended to avoid using rolling tags in a production environment.\n+info https://techdocs.broadcom.com/us/en/vmware-tanzu/bitnami-secure-images/bitnami-secure-images/services/bsi-doc/apps-tutorials-understand-rolling-tags-containers-index.html\nWARNING: Rolling tag detected (bitnami/os-shell:latest), please note that it is strongly recommended to avoid using rolling tags in a production environment.\n+info https://techdocs.broadcom.com/us/en/vmware-tanzu/bitnami-secure-images/bitnami-secure-images/services/bsi-doc/apps-tutorials-understand-rolling-tags-containers-index.html\n\nWARNING: There are \"resources\" sections in the chart not set. Using \"resourcesPreset\" is not recommended for production. For production installations, please set the following values according to your workload needs:\n  - readReplicas.resources\n+info https://kubernetes.io/docs/concepts/configuration/manage-resources-containers/\n",
                "revision": 2,
                "values": "{\"auth\":{\"database\":\"sports_data\",\"postgresPassword\":\"(sensitive value)\",\"username\":\"sports_data\"},\"metrics\":{\"enabled\":false},\"primary\":{\"initdb\":{\"scriptsConfigMap\":\"postgres-init-scripts\"},\"persistence\":{\"enabled\":true,\"size\":\"5Gi\"},\"resources\":{\"limits\":{\"memory\":\"512Mi\"},\"requests\":{\"cpu\":\"100m\",\"memory\":\"256Mi\"}},\"service\":{\"nodePorts\":{\"postgresql\":\"30432\"},\"type\":\"NodePort\"}}}",
                "version": "18.6.6"
              }
            ],
            "name": "postgresql",
            "namespace": "data-platform",
            "pass_credentials": false,
            "postrender": [],
            "recreate_pods": false,
            "render_subchart_notes": true,
            "replace": false,
            "repository": "oci://registry-1.docker.io/bitnamicharts",
            "repository_ca_file": null,
            "repository_cert_file": null,
            "repository_key_file": null,
            "repository_password": null,
            "repository_username": null,
            "reset_values": false,
            "reuse_values": false,
            "set": [
              {
                "name": "primary.initdb.scriptsConfigMap",
                "type": "",
                "value": "postgres-init-scripts"
              }
            ],
            "set_list": [],
            "set_sensitive": [
              {
                "name": "auth.postgresPassword",
                "type": "",
                "value": "!VE@3t79n^Pkkf8UoyXPE1T%"
              }
            ],
            "skip_crds": false,
            "status": "deployed",
            "timeout": 300,
            "upgrade_install": null,
            "values": [
              "auth:\n  username: sports_data\n  database: sports_data\n\nprimary:\n  resources:\n    requests:\n      cpu: 100m\n      memory: 256Mi\n    limits:\n      memory: 512Mi\n  persistence:\n    enabled: true\n    size: 5Gi\n  service:\n    type: NodePort\n    nodePorts:\n      postgresql: \"30432\"\n\nmetrics:\n  enabled: false\n"
            ],
            "verify": false,
            "version": "18.6.6",
            "wait": true,
            "wait_for_jobs": false
          },
          "sensitive_attributes": [
            [
              {
                "type": "get_attr",
                "value": "repository_password"
              }
            ],
            [
              {
                "type": "get_attr",
                "value": "set_sensitive"
              }
            ]
          ],
          "identity_schema_version": 0,
          "private": "eyJzY2hlbWFfdmVyc2lvbiI6IjEifQ==",
          "dependencies": [
            "kubernetes_config_map.postgres_init",
            "kubernetes_namespace.data_platform"
          ]
        }
      ]
    },
    {
      "mode": "managed",
      "type": "kubernetes_config_map",
      "name": "postgres_init",
      "provider": "provider[\"registry.terraform.io/hashicorp/kubernetes\"]",
      "instances": [
        {
          "schema_version": 0,
          "attributes": {
            "binary_data": {},
            "data": {
              "init.sql": "  CREATE DATABASE airflow;\n  CREATE DATABASE mlflow;\n\\c sports_data\n  CREATE SCHEMA IF NOT EXISTS raw_mlb;\n  CREATE SCHEMA IF NOT EXISTS raw_nfl;\n  CREATE SCHEMA IF NOT EXISTS raw_nba;\n  CREATE SCHEMA IF NOT EXISTS raw_nhl;\n  CREATE SCHEMA IF NOT EXISTS staging;\n  CREATE SCHEMA IF NOT EXISTS marts;\n"
            },
            "id": "data-platform/postgres-init-scripts",
            "immutable": false,
            "metadata": [
              {
                "annotations": {},
                "generate_name": "",
                "generation": 0,
                "labels": {},
                "name": "postgres-init-scripts",
                "namespace": "data-platform",
                "resource_version": "14372865",
                "uid": "72ee3da1-10fd-40c8-a01e-35102446124d"
              }
            ]
          },
          "sensitive_attributes": [],
          "identity_schema_version": 1,
          "identity": {
            "api_version": "v1",
            "kind": "ConfigMap",
            "name": "postgres-init-scripts",
            "namespace": "data-platform"
          },
          "private": "bnVsbA==",
          "dependencies": [
            "kubernetes_namespace.data_platform"
          ]
        }
      ]
    },
    {
      "mode": "managed",
      "type": "kubernetes_deployment",
      "name": "iceberg_rest",
      "provider": "provider[\"registry.terraform.io/hashicorp/kubernetes\"]",
      "instances": [
        {
          "schema_version": 1,
          "attributes": {
            "id": "data-platform/iceberg-rest",
            "metadata": [
              {
                "annotations": {},
                "generate_name": "",
                "generation": 1,
                "labels": {
                  "app": "iceberg-rest"
                },
                "name": "iceberg-rest",
                "namespace": "data-platform",
                "resource_version": "13648986",
                "uid": "667dcc38-7fba-458d-8ee6-f63790192977"
              }
            ],
            "spec": [
              {
                "min_ready_seconds": 0,
                "paused": false,
                "progress_deadline_seconds": 600,
                "replicas": "1",
                "revision_history_limit": 10,
                "selector": [
                  {
                    "match_expressions": [],
                    "match_labels": {
                      "app": "iceberg-rest"
                    }
                  }
                ],
                "strategy": [
                  {
                    "rolling_update": [
                      {
                        "max_surge": "25%",
                        "max_unavailable": "25%"
                      }
                    ],
                    "type": "RollingUpdate"
                  }
                ],
                "template": [
                  {
                    "metadata": [
                      {
                        "annotations": {},
                        "generate_name": "",
                        "generation": 0,
                        "labels": {
                          "app": "iceberg-rest"
                        },
                        "name": "",
                        "namespace": "",
                        "resource_version": "",
                        "uid": ""
                      }
                    ],
                    "spec": [
                      {
                        "active_deadline_seconds": 0,
                        "affinity": [],
                        "automount_service_account_token": true,
                        "container": [
                          {
                            "args": [],
                            "command": [],
                            "env": [
                              {
                                "name": "CATALOG_WAREHOUSE",
                                "value": "s3://spark-warehouse/",
                                "value_from": []
                              },
                              {
                                "name": "CATALOG_IO__IMPL",
                                "value": "org.apache.iceberg.aws.s3.S3FileIO",
                                "value_from": []
                              },
                              {
                                "name": "CATALOG_S3_ENDPOINT",
                                "value": "http://minio.data-platform.svc.cluster.local:9000",
                                "value_from": []
                              },
                              {
                                "name": "AWS_ACCESS_KEY_ID",
                                "value": "minioadmin",
                                "value_from": []
                              },
                              {
                                "name": "AWS_SECRET_ACCESS_KEY",
                                "value": "",
                                "value_from": [
                                  {
                                    "config_map_key_ref": [],
                                    "field_ref": [],
                                    "resource_field_ref": [],
                                    "secret_key_ref": [
                                      {
                                        "key": "rootPassword",
                                        "name": "minio",
                                        "optional": false
                                      }
                                    ]
                                  }
                                ]
                              },
                              {
                                "name": "AWS_REGION",
                                "value": "us-east-1",
                                "value_from": []
                              }
                            ],
                            "env_from": [],
                            "image": "tabulario/iceberg-rest:1.5.0",
                            "image_pull_policy": "IfNotPresent",
                            "lifecycle": [],
                            "liveness_probe": [],
                            "name": "iceberg-rest",
                            "port": [
                              {
                                "container_port": 8181,
                                "host_ip": "",
                                "host_port": 0,
                                "name": "",
                                "protocol": "TCP"
                              }
                            ],
                            "readiness_probe": [],
                            "resources": [
                              {
                                "limits": {
                                  "memory": "512Mi"
                                },
                                "requests": {
                                  "cpu": "100m",
                                  "memory": "256Mi"
                                }
                              }
                            ],
                            "security_context": [],
                            "startup_probe": [],
                            "stdin": false,
                            "stdin_once": false,
                            "termination_message_path": "/dev/termination-log",
                            "termination_message_policy": "File",
                            "tty": false,
                            "volume_device": [],
                            "volume_mount": [],
                            "working_dir": ""
                          }
                        ],
                        "dns_config": [],
                        "dns_policy": "ClusterFirst",
                        "enable_service_links": true,
                        "host_aliases": [],
                        "host_ipc": false,
                        "host_network": false,
                        "host_pid": false,
                        "hostname": "",
                        "image_pull_secrets": [],
                        "init_container": [],
                        "node_name": "",
                        "node_selector": {},
                        "os": [],
                        "priority_class_name": "",
                        "readiness_gate": [],
                        "restart_policy": "Always",
                        "runtime_class_name": "",
                        "scheduler_name": "default-scheduler",
                        "security_context": [],
                        "service_account_name": "",
                        "share_process_namespace": false,
                        "subdomain": "",
                        "termination_grace_period_seconds": 30,
                        "toleration": [],
                        "topology_spread_constraint": [],
                        "volume": []
                      }
                    ]
                  }
                ]
              }
            ],
            "timeouts": null,
            "wait_for_rollout": true
          },
          "sensitive_attributes": [],
          "identity_schema_version": 1,
          "identity": {
            "api_version": "apps/v1",
            "kind": "Deployment",
            "name": "iceberg-rest",
            "namespace": "data-platform"
          },
          "private": "eyJlMmJmYjczMC1lY2FhLTExZTYtOGY4OC0zNDM2M2JjN2M0YzAiOnsiY3JlYXRlIjo2MDAwMDAwMDAwMDAsImRlbGV0ZSI6NjAwMDAwMDAwMDAwLCJ1cGRhdGUiOjYwMDAwMDAwMDAwMH0sInNjaGVtYV92ZXJzaW9uIjoiMSJ9",
          "dependencies": [
            "helm_release.minio",
            "kubernetes_namespace.data_platform"
          ]
        }
      ]
    },
    {
      "mode": "managed",
      "type": "kubernetes_deployment",
      "name": "mlflow",
      "provider": "provider[\"registry.terraform.io/hashicorp/kubernetes\"]",
      "instances": [
        {
          "schema_version": 1,
          "attributes": {
            "id": "data-platform/mlflow",
            "metadata": [
              {
                "annotations": {},
                "generate_name": "",
                "generation": 1,
                "labels": {
                  "app": "mlflow"
                },
                "name": "mlflow",
                "namespace": "data-platform",
                "resource_version": "14373930",
                "uid": "50a1313c-e937-425d-98de-dfd5d911b596"
              }
            ],
            "spec": [
              {
                "min_ready_seconds": 0,
                "paused": false,
                "progress_deadline_seconds": 600,
                "replicas": "1",
                "revision_history_limit": 10,
                "selector": [
                  {
                    "match_expressions": [],
                    "match_labels": {
                      "app": "mlflow"
                    }
                  }
                ],
                "strategy": [
                  {
                    "rolling_update": [
                      {
                        "max_surge": "25%",
                        "max_unavailable": "25%"
                      }
                    ],
                    "type": "RollingUpdate"
                  }
                ],
                "template": [
                  {
                    "metadata": [
                      {
                        "annotations": {},
                        "generate_name": "",
                        "generation": 0,
                        "labels": {
                          "app": "mlflow"
                        },
                        "name": "",
                        "namespace": "",
                        "resource_version": "",
                        "uid": ""
                      }
                    ],
                    "spec": [
                      {
                        "active_deadline_seconds": 0,
                        "affinity": [],
                        "automount_service_account_token": true,
                        "container": [
                          {
                            "args": [],
                            "command": [],
                            "env": [
                              {
                                "name": "MLFLOW_BACKEND_STORE_URI",
                                "value": "postgresql://postgres:!VE@3t79n^Pkkf8UoyXPE1T%@postgresql.data-platform.svc.cluster.local:5432/mlflow",
                                "value_from": []
                              },
                              {
                                "name": "MLFLOW_ARTIFACTS_DESTINATION",
                                "value": "s3://mlflow-artifacts/",
                                "value_from": []
                              },
                              {
                                "name": "MLFLOW_S3_ENDPOINT_URL",
                                "value": "http://minio.data-platform.svc.cluster.local:9000",
                                "value_from": []
                              },
                              {
                                "name": "AWS_ACCESS_KEY_ID",
                                "value": "minioadmin",
                                "value_from": []
                              },
                              {
                                "name": "AWS_SECRET_ACCESS_KEY",
                                "value": "",
                                "value_from": [
                                  {
                                    "config_map_key_ref": [],
                                    "field_ref": [],
                                    "resource_field_ref": [],
                                    "secret_key_ref": [
                                      {
                                        "key": "rootPassword",
                                        "name": "minio",
                                        "optional": false
                                      }
                                    ]
                                  }
                                ]
                              }
                            ],
                            "env_from": [],
                            "image": "jaymztheking/mlflow:latest",
                            "image_pull_policy": "Always",
                            "lifecycle": [],
                            "liveness_probe": [],
                            "name": "mlflow",
                            "port": [
                              {
                                "container_port": 5000,
                                "host_ip": "",
                                "host_port": 0,
                                "name": "",
                                "protocol": "TCP"
                              }
                            ],
                            "readiness_probe": [],
                            "resources": [
                              {
                                "limits": {
                                  "memory": "512Mi"
                                },
                                "requests": {
                                  "cpu": "100m",
                                  "memory": "256Mi"
                                }
                              }
                            ],
                            "security_context": [],
                            "startup_probe": [],
                            "stdin": false,
                            "stdin_once": false,
                            "termination_message_path": "/dev/termination-log",
                            "termination_message_policy": "File",
                            "tty": false,
                            "volume_device": [],
                            "volume_mount": [],
                            "working_dir": ""
                          }
                        ],
                        "dns_config": [],
                        "dns_policy": "ClusterFirst",
                        "enable_service_links": true,
                        "host_aliases": [],
                        "host_ipc": false,
                        "host_network": false,
                        "host_pid": false,
                        "hostname": "",
                        "image_pull_secrets": [],
                        "init_container": [],
                        "node_name": "",
                        "node_selector": {},
                        "os": [],
                        "priority_class_name": "",
                        "readiness_gate": [],
                        "restart_policy": "Always",
                        "runtime_class_name": "",
                        "scheduler_name": "default-scheduler",
                        "security_context": [],
                        "service_account_name": "",
                        "share_process_namespace": false,
                        "subdomain": "",
                        "termination_grace_period_seconds": 30,
                        "toleration": [],
                        "topology_spread_constraint": [],
                        "volume": []
                      }
                    ]
                  }
                ]
              }
            ],
            "timeouts": null,
            "wait_for_rollout": true
          },
          "sensitive_attributes": [
            [
              {
                "type": "get_attr",
                "value": "spec"
              },
              {
                "type": "index",
                "value": {
                  "value": 0,
                  "type": "number"
                }
              },
              {
                "type": "get_attr",
                "value": "template"
              },
              {
                "type": "index",
                "value": {
                  "value": 0,
                  "type": "number"
                }
              },
              {
                "type": "get_attr",
                "value": "spec"
              },
              {
                "type": "index",
                "value": {
                  "value": 0,
                  "type": "number"
                }
              },
              {
                "type": "get_attr",
                "value": "container"
              },
              {
                "type": "index",
                "value": {
                  "value": 0,
                  "type": "number"
                }
              },
              {
                "type": "get_attr",
                "value": "env"
              },
              {
                "type": "index",
                "value": {
                  "value": 0,
                  "type": "number"
                }
              },
              {
                "type": "get_attr",
                "value": "value"
              }
            ]
          ],
          "identity_schema_version": 1,
          "identity": {
            "api_version": "apps/v1",
            "kind": "Deployment",
            "name": "mlflow",
            "namespace": "data-platform"
          },
          "private": "eyJlMmJmYjczMC1lY2FhLTExZTYtOGY4OC0zNDM2M2JjN2M0YzAiOnsiY3JlYXRlIjo2MDAwMDAwMDAwMDAsImRlbGV0ZSI6NjAwMDAwMDAwMDAwLCJ1cGRhdGUiOjYwMDAwMDAwMDAwMH0sInNjaGVtYV92ZXJzaW9uIjoiMSJ9",
          "dependencies": [
            "helm_release.minio",
            "helm_release.postgresql",
            "kubernetes_config_map.postgres_init",
            "kubernetes_namespace.data_platform"
          ]
        }
      ]
    },
    {
      "mode": "managed",
      "type": "kubernetes_namespace",
      "name": "data_platform",
      "provider": "provider[\"registry.terraform.io/hashicorp/kubernetes\"]",
      "instances": [
        {
          "schema_version": 0,
          "attributes": {
            "id": "data-platform",
            "metadata": [
              {
                "annotations": {},
                "generate_name": "",
                "generation": 0,
                "labels": {},
                "name": "data-platform",
                "resource_version": "13645681",
                "uid": "ae3a0600-a6ac-4dab-ae0e-0eb1160c501d"
              }
            ],
            "timeouts": null,
            "wait_for_default_service_account": null
          },
          "sensitive_attributes": [],
          "identity_schema_version": 1,
          "identity": {
            "api_version": "v1",
            "kind": "Namespace",
            "name": "data-platform"
          },
          "private": "eyJlMmJmYjczMC1lY2FhLTExZTYtOGY4OC0zNDM2M2JjN2M0YzAiOnsiZGVsZXRlIjozMDAwMDAwMDAwMDB9LCJzY2hlbWFfdmVyc2lvbiI6IjAifQ=="
        }
      ]
    },
    {
      "mode": "managed",
      "type": "kubernetes_service",
      "name": "iceberg_rest",
      "provider": "provider[\"registry.terraform.io/hashicorp/kubernetes\"]",
      "instances": [
        {
          "schema_version": 1,
          "attributes": {
            "id": "data-platform/iceberg-rest",
            "metadata": [
              {
                "annotations": {},
                "generate_name": "",
                "generation": 0,
                "labels": {},
                "name": "iceberg-rest",
                "namespace": "data-platform",
                "resource_version": "13648910",
                "uid": "cb2af36a-835f-405c-ae37-04a3801585c3"
              }
            ],
            "spec": [
              {
                "allocate_load_balancer_node_ports": true,
                "cluster_ip": "10.43.208.144",
                "cluster_ips": [
                  "10.43.208.144"
                ],
                "external_ips": [],
                "external_name": "",
                "external_traffic_policy": "Cluster",
                "health_check_node_port": 0,
                "internal_traffic_policy": "Cluster",
                "ip_families": [
                  "IPv4"
                ],
                "ip_family_policy": "SingleStack",
                "load_balancer_class": "",
                "load_balancer_ip": "",
                "load_balancer_source_ranges": [],
                "port": [
                  {
                    "app_protocol": "",
                    "name": "",
                    "node_port": 30181,
                    "port": 8181,
                    "protocol": "TCP",
                    "target_port": "8181"
                  }
                ],
                "publish_not_ready_addresses": false,
                "selector": {
                  "app": "iceberg-rest"
                },
                "session_affinity": "None",
                "session_affinity_config": [],
                "type": "NodePort"
              }
            ],
            "status": [
              {
                "load_balancer": [
                  {
                    "ingress": []
                  }
                ]
              }
            ],
            "timeouts": null,
            "wait_for_load_balancer": true
          },
          "sensitive_attributes": [],
          "identity_schema_version": 1,
          "identity": {
            "api_version": "v1",
            "kind": "Service",
            "name": "iceberg-rest",
            "namespace": "data-platform"
          },
          "private": "eyJlMmJmYjczMC1lY2FhLTExZTYtOGY4OC0zNDM2M2JjN2M0YzAiOnsiY3JlYXRlIjo2MDAwMDAwMDAwMDB9LCJzY2hlbWFfdmVyc2lvbiI6IjEifQ==",
          "dependencies": [
            "kubernetes_namespace.data_platform"
          ]
        }
      ]
    },
    {
      "mode": "managed",
      "type": "kubernetes_service",
      "name": "mlflow",
      "provider": "provider[\"registry.terraform.io/hashicorp/kubernetes\"]",
      "instances": [
        {
          "schema_version": 1,
          "attributes": {
            "id": "data-platform/mlflow",
            "metadata": [
              {
                "annotations": {},
                "generate_name": "",
                "generation": 0,
                "labels": {},
                "name": "mlflow",
                "namespace": "data-platform",
                "resource_version": "14372876",
                "uid": "3dd33d80-9f37-472c-9605-4b420052ccd7"
              }
            ],
            "spec": [
              {
                "allocate_load_balancer_node_ports": true,
                "cluster_ip": "10.43.229.169",
                "cluster_ips": [
                  "10.43.229.169"
                ],
                "external_ips": [],
                "external_name": "",
                "external_traffic_policy": "Cluster",
                "health_check_node_port": 0,
                "internal_traffic_policy": "Cluster",
                "ip_families": [
                  "IPv4"
                ],
                "ip_family_policy": "SingleStack",
                "load_balancer_class": "",
                "load_balancer_ip": "",
                "load_balancer_source_ranges": [],
                "port": [
                  {
                    "app_protocol": "",
                    "name": "",
                    "node_port": 30500,
                    "port": 5000,
                    "protocol": "TCP",
                    "target_port": "5000"
                  }
                ],
                "publish_not_ready_addresses": false,
                "selector": {
                  "app": "mlflow"
                },
                "session_affinity": "None",
                "session_affinity_config": [],
                "type": "NodePort"
              }
            ],
            "status": [
              {
                "load_balancer": [
                  {
                    "ingress": []
                  }
                ]
              }
            ],
            "timeouts": null,
            "wait_for_load_balancer": true
          },
          "sensitive_attributes": [],
          "identity_schema_version": 1,
          "identity": {
            "api_version": "v1",
            "kind": "Service",
            "name": "mlflow",
            "namespace": "data-platform"
          },
          "private": "eyJlMmJmYjczMC1lY2FhLTExZTYtOGY4OC0zNDM2M2JjN2M0YzAiOnsiY3JlYXRlIjo2MDAwMDAwMDAwMDB9LCJzY2hlbWFfdmVyc2lvbiI6IjEifQ==",
          "dependencies": [
            "kubernetes_namespace.data_platform"
          ]
        }
      ]
    },
    {
      "mode": "managed",
      "type": "kubernetes_service",
      "name": "spark_master_svc",
      "provider": "provider[\"registry.terraform.io/hashicorp/kubernetes\"]",
      "instances": [
        {
          "schema_version": 1,
          "attributes": {
            "id": "data-platform/spark-master-svc",
            "metadata": [
              {
                "annotations": {},
                "generate_name": "",
                "generation": 0,
                "labels": {},
                "name": "spark-master-svc",
                "namespace": "data-platform",
                "resource_version": "14372877",
                "uid": "74a11cb6-9e3a-41cf-b1cb-26ae70c6ec0c"
              }
            ],
            "spec": [
              {
                "allocate_load_balancer_node_ports": true,
                "cluster_ip": "10.43.199.172",
                "cluster_ips": [
                  "10.43.199.172"
                ],
                "external_ips": [],
                "external_name": "",
                "external_traffic_policy": "Cluster",
                "health_check_node_port": 0,
                "internal_traffic_policy": "Cluster",
                "ip_families": [
                  "IPv4"
                ],
                "ip_family_policy": "SingleStack",
                "load_balancer_class": "",
                "load_balancer_ip": "",
                "load_balancer_source_ranges": [],
                "port": [
                  {
                    "app_protocol": "",
                    "name": "cluster",
                    "node_port": 31198,
                    "port": 7077,
                    "protocol": "TCP",
                    "target_port": "7077"
                  },
                  {
                    "app_protocol": "",
                    "name": "http",
                    "node_port": 30808,
                    "port": 8080,
                    "protocol": "TCP",
                    "target_port": "8080"
                  }
                ],
                "publish_not_ready_addresses": false,
                "selector": {
                  "app": "spark",
                  "component": "master"
                },
                "session_affinity": "None",
                "session_affinity_config": [],
                "type": "NodePort"
              }
            ],
            "status": [
              {
                "load_balancer": [
                  {
                    "ingress": []
                  }
                ]
              }
            ],
            "timeouts": null,
            "wait_for_load_balancer": true
          },
          "sensitive_attributes": [],
          "identity_schema_version": 1,
          "identity": {
            "api_version": "v1",
            "kind": "Service",
            "name": "spark-master-svc",
            "namespace": "data-platform"
          },
          "private": "eyJlMmJmYjczMC1lY2FhLTExZTYtOGY4OC0zNDM2M2JjN2M0YzAiOnsiY3JlYXRlIjo2MDAwMDAwMDAwMDB9LCJzY2hlbWFfdmVyc2lvbiI6IjEifQ==",
          "dependencies": [
            "kubernetes_namespace.data_platform"
          ]
        }
      ]
    },
    {
      "mode": "managed",
      "type": "kubernetes_service",
      "name": "spark_worker_headless",
      "provider": "provider[\"registry.terraform.io/hashicorp/kubernetes\"]",
      "instances": [
        {
          "schema_version": 1,
          "attributes": {
            "id": "data-platform/spark-worker-headless",
            "metadata": [
              {
                "annotations": {},
                "generate_name": "",
                "generation": 0,
                "labels": {},
                "name": "spark-worker-headless",
                "namespace": "data-platform",
                "resource_version": "14372864",
                "uid": "6a724ddd-8edf-47f7-a185-c74b6b513897"
              }
            ],
            "spec": [
              {
                "allocate_load_balancer_node_ports": true,
                "cluster_ip": "None",
                "cluster_ips": [
                  "None"
                ],
                "external_ips": [],
                "external_name": "",
                "external_traffic_policy": "",
                "health_check_node_port": 0,
                "internal_traffic_policy": "Cluster",
                "ip_families": [
                  "IPv4"
                ],
                "ip_family_policy": "SingleStack",
                "load_balancer_class": "",
                "load_balancer_ip": "",
                "load_balancer_source_ranges": [],
                "port": [
                  {
                    "app_protocol": "",
                    "name": "http",
                    "node_port": 0,
                    "port": 8081,
                    "protocol": "TCP",
                    "target_port": "8081"
                  }
                ],
                "publish_not_ready_addresses": false,
                "selector": {
                  "app": "spark",
                  "component": "worker"
                },
                "session_affinity": "None",
                "session_affinity_config": [],
                "type": "ClusterIP"
              }
            ],
            "status": [
              {
                "load_balancer": [
                  {
                    "ingress": []
                  }
                ]
              }
            ],
            "timeouts": null,
            "wait_for_load_balancer": true
          },
          "sensitive_attributes": [],
          "identity_schema_version": 1,
          "identity": {
            "api_version": "v1",
            "kind": "Service",
            "name": "spark-worker-headless",
            "namespace": "data-platform"
          },
          "private": "eyJlMmJmYjczMC1lY2FhLTExZTYtOGY4OC0zNDM2M2JjN2M0YzAiOnsiY3JlYXRlIjo2MDAwMDAwMDAwMDB9LCJzY2hlbWFfdmVyc2lvbiI6IjEifQ==",
          "dependencies": [
            "kubernetes_namespace.data_platform"
          ]
        }
      ]
    },
    {
      "mode": "managed",
      "type": "kubernetes_stateful_set",
      "name": "spark_master",
      "provider": "provider[\"registry.terraform.io/hashicorp/kubernetes\"]",
      "instances": [
        {
          "schema_version": 1,
          "attributes": {
            "id": "data-platform/spark-master",
            "metadata": [
              {
                "annotations": {},
                "generate_name": "",
                "generation": 1,
                "labels": {},
                "name": "spark-master",
                "namespace": "data-platform",
                "resource_version": "14373044",
                "uid": "66d144ad-da06-499e-8820-bc8a0f85fe40"
              }
            ],
            "spec": [
              {
                "min_ready_seconds": 0,
                "persistent_volume_claim_retention_policy": [
                  {
                    "when_deleted": "Retain",
                    "when_scaled": "Retain"
                  }
                ],
                "pod_management_policy": "OrderedReady",
                "replicas": "1",
                "revision_history_limit": 0,
                "selector": [
                  {
                    "match_expressions": [],
                    "match_labels": {
                      "app": "spark",
                      "component": "master"
                    }
                  }
                ],
                "service_name": "spark-master-svc",
                "template": [
                  {
                    "metadata": [
                      {
                        "annotations": {},
                        "generate_name": "",
                        "generation": 0,
                        "labels": {
                          "app": "spark",
                          "component": "master"
                        },
                        "name": "",
                        "namespace": "",
                        "resource_version": "",
                        "uid": ""
                      }
                    ],
                    "spec": [
                      {
                        "active_deadline_seconds": 0,
                        "affinity": [],
                        "automount_service_account_token": true,
                        "container": [
                          {
                            "args": [],
                            "command": [],
                            "env": [
                              {
                                "name": "SPARK_MODE",
                                "value": "master",
                                "value_from": []
                              },
                              {
                                "name": "SPARK_MASTER_PORT",
                                "value": "7077",
                                "value_from": []
                              },
                              {
                                "name": "SPARK_MASTER_WEBUI_PORT",
                                "value": "8080",
                                "value_from": []
                              }
                            ],
                            "env_from": [],
                            "image": "jaymztheking/spark:latest",
                            "image_pull_policy": "Always",
                            "lifecycle": [],
                            "liveness_probe": [
                              {
                                "exec": [],
                                "failure_threshold": 6,
                                "grpc": [],
                                "http_get": [],
                                "initial_delay_seconds": 60,
                                "period_seconds": 20,
                                "success_threshold": 1,
                                "tcp_socket": [
                                  {
                                    "port": "8080"
                                  }
                                ],
                                "timeout_seconds": 1
                              }
                            ],
                            "name": "spark-master",
                            "port": [
                              {
                                "container_port": 7077,
                                "host_ip": "",
                                "host_port": 0,
                                "name": "cluster",
                                "protocol": "TCP"
                              },
                              {
                                "container_port": 8080,
                                "host_ip": "",
                                "host_port": 0,
                                "name": "http",
                                "protocol": "TCP"
                              }
                            ],
                            "readiness_probe": [
                              {
                                "exec": [],
                                "failure_threshold": 6,
                                "grpc": [],
                                "http_get": [
                                  {
                                    "host": "",
                                    "http_header": [],
                                    "path": "/",
                                    "port": "8080",
                                    "scheme": "HTTP"
                                  }
                                ],
                                "initial_delay_seconds": 30,
                                "period_seconds": 10,
                                "success_threshold": 1,
                                "tcp_socket": [],
                                "timeout_seconds": 1
                              }
                            ],
                            "resources": [
                              {
                                "limits": {
                                  "memory": "1Gi"
                                },
                                "requests": {
                                  "cpu": "100m",
                                  "memory": "512Mi"
                                }
                              }
                            ],
                            "security_context": [],
                            "startup_probe": [],
                            "stdin": false,
                            "stdin_once": false,
                            "termination_message_path": "/dev/termination-log",
                            "termination_message_policy": "File",
                            "tty": false,
                            "volume_device": [],
                            "volume_mount": [],
                            "working_dir": ""
                          }
                        ],
                        "dns_config": [],
                        "dns_policy": "ClusterFirst",
                        "enable_service_links": true,
                        "host_aliases": [],
                        "host_ipc": false,
                        "host_network": false,
                        "host_pid": false,
                        "hostname": "",
                        "image_pull_secrets": [],
                        "init_container": [],
                        "node_name": "",
                        "node_selector": {},
                        "os": [],
                        "priority_class_name": "",
                        "readiness_gate": [],
                        "restart_policy": "Always",
                        "runtime_class_name": "",
                        "scheduler_name": "default-scheduler",
                        "security_context": [
                          {
                            "fs_group": "185",
                            "fs_group_change_policy": "",
                            "run_as_group": "",
                            "run_as_non_root": true,
                            "run_as_user": "185",
                            "se_linux_options": [],
                            "seccomp_profile": [],
                            "supplemental_groups": [],
                            "sysctl": [],
                            "windows_options": []
                          }
                        ],
                        "service_account_name": "",
                        "share_process_namespace": false,
                        "subdomain": "",
                        "termination_grace_period_seconds": 30,
                        "toleration": [],
                        "topology_spread_constraint": [],
                        "volume": []
                      }
                    ]
                  }
                ],
                "update_strategy": [],
                "volume_claim_template": []
              }
            ],
            "timeouts": null,
            "wait_for_rollout": true
          },
          "sensitive_attributes": [],
          "identity_schema_version": 1,
          "identity": {
            "api_version": "apps/v1",
            "kind": "StatefulSet",
            "name": "spark-master",
            "namespace": "data-platform"
          },
          "private": "eyJlMmJmYjczMC1lY2FhLTExZTYtOGY4OC0zNDM2M2JjN2M0YzAiOnsiY3JlYXRlIjo2MDAwMDAwMDAwMDAsImRlbGV0ZSI6NjAwMDAwMDAwMDAwLCJyZWFkIjo2MDAwMDAwMDAwMDAsInVwZGF0ZSI6NjAwMDAwMDAwMDAwfSwic2NoZW1hX3ZlcnNpb24iOiIxIn0=",
          "dependencies": [
            "helm_release.minio",
            "kubernetes_deployment.iceberg_rest",
            "kubernetes_namespace.data_platform",
            "kubernetes_service.spark_master_svc"
          ]
        }
      ]
    },
    {
      "mode": "managed",
      "type": "kubernetes_stateful_set",
      "name": "spark_worker",
      "provider": "provider[\"registry.terraform.io/hashicorp/kubernetes\"]",
      "instances": [
        {
          "schema_version": 1,
          "attributes": {
            "id": "data-platform/spark-worker",
            "metadata": [
              {
                "annotations": {},
                "generate_name": "",
                "generation": 1,
                "labels": {},
                "name": "spark-worker",
                "namespace": "data-platform",
                "resource_version": "14373486",
                "uid": "83cd988b-cbee-4f98-8734-6b33777b2fa2"
              }
            ],
            "spec": [
              {
                "min_ready_seconds": 0,
                "persistent_volume_claim_retention_policy": [
                  {
                    "when_deleted": "Retain",
                    "when_scaled": "Retain"
                  }
                ],
                "pod_management_policy": "OrderedReady",
                "replicas": "2",
                "revision_history_limit": 0,
                "selector": [
                  {
                    "match_expressions": [],
                    "match_labels": {
                      "app": "spark",
                      "component": "worker"
                    }
                  }
                ],
                "service_name": "spark-worker-headless",
                "template": [
                  {
                    "metadata": [
                      {
                        "annotations": {},
                        "generate_name": "",
                        "generation": 0,
                        "labels": {
                          "app": "spark",
                          "component": "worker"
                        },
                        "name": "",
                        "namespace": "",
                        "resource_version": "",
                        "uid": ""
                      }
                    ],
                    "spec": [
                      {
                        "active_deadline_seconds": 0,
                        "affinity": [],
                        "automount_service_account_token": true,
                        "container": [
                          {
                            "args": [],
                            "command": [],
                            "env": [
                              {
                                "name": "SPARK_MODE",
                                "value": "worker",
                                "value_from": []
                              },
                              {
                                "name": "SPARK_MASTER_URL",
                                "value": "spark://spark-master-svc:7077",
                                "value_from": []
                              },
                              {
                                "name": "SPARK_WORKER_WEBUI_PORT",
                                "value": "8081",
                                "value_from": []
                              }
                            ],
                            "env_from": [],
                            "image": "jaymztheking/spark:latest",
                            "image_pull_policy": "Always",
                            "lifecycle": [],
                            "liveness_probe": [
                              {
                                "exec": [],
                                "failure_threshold": 6,
                                "grpc": [],
                                "http_get": [],
                                "initial_delay_seconds": 60,
                                "period_seconds": 20,
                                "success_threshold": 1,
                                "tcp_socket": [
                                  {
                                    "port": "8081"
                                  }
                                ],
                                "timeout_seconds": 1
                              }
                            ],
                            "name": "spark-worker",
                            "port": [
                              {
                                "container_port": 8081,
                                "host_ip": "",
                                "host_port": 0,
                                "name": "http",
                                "protocol": "TCP"
                              }
                            ],
                            "readiness_probe": [
                              {
                                "exec": [],
                                "failure_threshold": 6,
                                "grpc": [],
                                "http_get": [
                                  {
                                    "host": "",
                                    "http_header": [],
                                    "path": "/",
                                    "port": "8081",
                                    "scheme": "HTTP"
                                  }
                                ],
                                "initial_delay_seconds": 30,
                                "period_seconds": 10,
                                "success_threshold": 1,
                                "tcp_socket": [],
                                "timeout_seconds": 1
                              }
                            ],
                            "resources": [
                              {
                                "limits": {
                                  "memory": "1Gi"
                                },
                                "requests": {
                                  "cpu": "200m",
                                  "memory": "512Mi"
                                }
                              }
                            ],
                            "security_context": [],
                            "startup_probe": [],
                            "stdin": false,
                            "stdin_once": false,
                            "termination_message_path": "/dev/termination-log",
                            "termination_message_policy": "File",
                            "tty": false,
                            "volume_device": [],
                            "volume_mount": [],
                            "working_dir": ""
                          }
                        ],
                        "dns_config": [],
                        "dns_policy": "ClusterFirst",
                        "enable_service_links": true,
                        "host_aliases": [],
                        "host_ipc": false,
                        "host_network": false,
                        "host_pid": false,
                        "hostname": "",
                        "image_pull_secrets": [],
                        "init_container": [],
                        "node_name": "",
                        "node_selector": {},
                        "os": [],
                        "priority_class_name": "",
                        "readiness_gate": [],
                        "restart_policy": "Always",
                        "runtime_class_name": "",
                        "scheduler_name": "default-scheduler",
                        "security_context": [
                          {
                            "fs_group": "185",
                            "fs_group_change_policy": "",
                            "run_as_group": "",
                            "run_as_non_root": true,
                            "run_as_user": "185",
                            "se_linux_options": [],
                            "seccomp_profile": [],
                            "supplemental_groups": [],
                            "sysctl": [],
                            "windows_options": []
                          }
                        ],
                        "service_account_name": "",
                        "share_process_namespace": false,
                        "subdomain": "",
                        "termination_grace_period_seconds": 30,
                        "toleration": [],
                        "topology_spread_constraint": [],
                        "volume": []
                      }
                    ]
                  }
                ],
                "update_strategy": [],
                "volume_claim_template": []
              }
            ],
            "timeouts": null,
            "wait_for_rollout": true
          },
          "sensitive_attributes": [],
          "identity_schema_version": 1,
          "identity": {
            "api_version": "apps/v1",
            "kind": "StatefulSet",
            "name": "spark-worker",
            "namespace": "data-platform"
          },
          "private": "eyJlMmJmYjczMC1lY2FhLTExZTYtOGY4OC0zNDM2M2JjN2M0YzAiOnsiY3JlYXRlIjo2MDAwMDAwMDAwMDAsImRlbGV0ZSI6NjAwMDAwMDAwMDAwLCJyZWFkIjo2MDAwMDAwMDAwMDAsInVwZGF0ZSI6NjAwMDAwMDAwMDAwfSwic2NoZW1hX3ZlcnNpb24iOiIxIn0=",
          "dependencies": [
            "helm_release.minio",
            "kubernetes_deployment.iceberg_rest",
            "kubernetes_namespace.data_platform",
            "kubernetes_service.spark_master_svc",
            "kubernetes_service.spark_worker_headless",
            "kubernetes_stateful_set.spark_master"
          ]
        }
      ]
    }
  ],
  "check_results": null
}
